
Microsoft Visual Studio Solution File, Format Version 12.00
# Visual Studio Version 17
VisualStudioVersion = 17.9.34701.34
MinimumVisualStudioVersion = 10.0.40219.1
Project("{FAE04EC0-301F-11D3-BF4B-00C04F79EFBC}") = "MyFirstApi", "MyFirstApi.csproj", "{23E19A91-1816-4CB4-BBC4-0F4FA2B931FD}"
EndProject
Global
	GlobalSection(SolutionConfigurationPlatforms) = preSolution
		Debug|Any CPU = Debug|Any CPU
		Release|Any CPU = Release|Any CPU
	EndGlobalSection
	GlobalSection(ProjectConfigurationPlatforms) = postSolution
		{23E19A91-1816-4CB4-BBC4-0F4FA2B931FD}.Debug|Any CPU.ActiveCfg = Debug|Any CPU
		{23E19A91-1816-4CB4-BBC4-0F4FA2B931FD}.Debug|Any CPU.Build.0 = Debug|Any CPU
		{23E19A91-1816-4CB4-BBC4-0F4FA2B931FD}.Release|Any CPU.ActiveCfg = Release|Any CPU
		{23E19A91-1816-4CB4-BBC4-0F4FA2B931FD}.Release|Any CPU.Build.0 = Release|Any CPU
	EndGlobalSection
	GlobalSection(SolutionProperties) = preSolution
		HideSolutionNode = FALSE
	EndGlobalSection
	GlobalSection(ExtensibilityGlobals) = postSolution
		SolutionGuid = {F384DE3F-61C3-4590-8362-F74B37B81D0A}
	EndGlobalSection
EndGlobal
